
Microsoft Visual Studio Solution File, Format Version 9.00
# Visual Studio 2005
Project("{8BC9CEB8-8B4A-11D0-8D11-00A0C91BC942}") = "CrabGuiSample_FirstWindow", "Sample\proj\CrabGuiSample_FirstWindow.vcproj", "{E7925941-FBF7-4F2F-B897-433B6D5F2751}"
	ProjectSection(ProjectDependencies) = postProject
		{A81CE928-AE44-4296-B615-96962074F54A} = {A81CE928-AE44-4296-B615-96962074F54A}
		{08BE643B-9ABC-4EE2-9A59-F26F0A785BB3} = {08BE643B-9ABC-4EE2-9A59-F26F0A785BB3}
		{124E7B53-3B85-4415-AAB7-17D830BDC997} = {124E7B53-3B85-4415-AAB7-17D830BDC997}
	EndProjectSection
EndProject
Project("{8BC9CEB8-8B4A-11D0-8D11-00A0C91BC942}") = "CrabGui_Core", "Core\proj\CrabGui_Core.vcproj", "{124E7B53-3B85-4415-AAB7-17D830BDC997}"
EndProject
Project("{8BC9CEB8-8B4A-11D0-8D11-00A0C91BC942}") = "CrabGui_D3D9Renderer", "D3D9Renderer\proj\CrabGui_D3D9Renderer.vcproj", "{08BE643B-9ABC-4EE2-9A59-F26F0A785BB3}"
	ProjectSection(ProjectDependencies) = postProject
		{124E7B53-3B85-4415-AAB7-17D830BDC997} = {124E7B53-3B85-4415-AAB7-17D830BDC997}
	EndProjectSection
EndProject
Project("{8BC9CEB8-8B4A-11D0-8D11-00A0C91BC942}") = "CrabGui_FreeParser", "FreeParser\proj\CrabGui_FreeParser.vcproj", "{A81CE928-AE44-4296-B615-96962074F54A}"
	ProjectSection(ProjectDependencies) = postProject
		{124E7B53-3B85-4415-AAB7-17D830BDC997} = {124E7B53-3B85-4415-AAB7-17D830BDC997}
	EndProjectSection
EndProject
Global
	GlobalSection(SolutionConfigurationPlatforms) = preSolution
		Debug|Win32 = Debug|Win32
		Release|Win32 = Release|Win32
	EndGlobalSection
	GlobalSection(ProjectConfigurationPlatforms) = postSolution
		{E7925941-FBF7-4F2F-B897-433B6D5F2751}.Debug|Win32.ActiveCfg = Debug|Win32
		{E7925941-FBF7-4F2F-B897-433B6D5F2751}.Debug|Win32.Build.0 = Debug|Win32
		{E7925941-FBF7-4F2F-B897-433B6D5F2751}.Release|Win32.ActiveCfg = Release|Win32
		{E7925941-FBF7-4F2F-B897-433B6D5F2751}.Release|Win32.Build.0 = Release|Win32
		{124E7B53-3B85-4415-AAB7-17D830BDC997}.Debug|Win32.ActiveCfg = Debug|Win32
		{124E7B53-3B85-4415-AAB7-17D830BDC997}.Debug|Win32.Build.0 = Debug|Win32
		{124E7B53-3B85-4415-AAB7-17D830BDC997}.Release|Win32.ActiveCfg = Release|Win32
		{124E7B53-3B85-4415-AAB7-17D830BDC997}.Release|Win32.Build.0 = Release|Win32
		{08BE643B-9ABC-4EE2-9A59-F26F0A785BB3}.Debug|Win32.ActiveCfg = Debug|Win32
		{08BE643B-9ABC-4EE2-9A59-F26F0A785BB3}.Debug|Win32.Build.0 = Debug|Win32
		{08BE643B-9ABC-4EE2-9A59-F26F0A785BB3}.Release|Win32.ActiveCfg = Release|Win32
		{08BE643B-9ABC-4EE2-9A59-F26F0A785BB3}.Release|Win32.Build.0 = Release|Win32
		{A81CE928-AE44-4296-B615-96962074F54A}.Debug|Win32.ActiveCfg = Debug|Win32
		{A81CE928-AE44-4296-B615-96962074F54A}.Debug|Win32.Build.0 = Debug|Win32
		{A81CE928-AE44-4296-B615-96962074F54A}.Release|Win32.ActiveCfg = Release|Win32
		{A81CE928-AE44-4296-B615-96962074F54A}.Release|Win32.Build.0 = Release|Win32
	EndGlobalSection
	GlobalSection(SolutionProperties) = preSolution
		HideSolutionNode = FALSE
	EndGlobalSection
EndGlobal
